
Microsoft Visual Studio Solution File, Format Version 12.00
# Visual Studio Version 17
VisualStudioVersion = 17.3.32819.101
MinimumVisualStudioVersion = 10.0.40219.1
Project("{FAE04EC0-301F-11D3-BF4B-00C04F79EFBC}") = "CrudEstatusAlumnos", "CrudEstatusAlumnos\CrudEstatusAlumnos.csproj", "{4BBDE486-C8FB-46CA-9E18-D04F0D7FB151}"
EndProject
Global
	GlobalSection(SolutionConfigurationPlatforms) = preSolution
		Debug|Any CPU = Debug|Any CPU
		Release|Any CPU = Release|Any CPU
	EndGlobalSection
	GlobalSection(ProjectConfigurationPlatforms) = postSolution
		{4BBDE486-C8FB-46CA-9E18-D04F0D7FB151}.Debug|Any CPU.ActiveCfg = Debug|Any CPU
		{4BBDE486-C8FB-46CA-9E18-D04F0D7FB151}.Debug|Any CPU.Build.0 = Debug|Any CPU
		{4BBDE486-C8FB-46CA-9E18-D04F0D7FB151}.Release|Any CPU.ActiveCfg = Release|Any CPU
		{4BBDE486-C8FB-46CA-9E18-D04F0D7FB151}.Release|Any CPU.Build.0 = Release|Any CPU
	EndGlobalSection
	GlobalSection(SolutionProperties) = preSolution
		HideSolutionNode = FALSE
	EndGlobalSection
	GlobalSection(ExtensibilityGlobals) = postSolution
		SolutionGuid = {82895278-0968-438E-BCB8-6F4B3B414A5D}
	EndGlobalSection
EndGlobal
